
Microsoft Visual Studio Solution File, Format Version 12.00
# Visual Studio 15
VisualStudioVersion = 15.0.27428.2037
MinimumVisualStudioVersion = 10.0.40219.1
Project("{FAE04EC0-301F-11D3-BF4B-00C04F79EFBC}") = "AudioKs", "AudioKs\AudioKs.csproj", "{B6FC51E8-A9F1-4852-9FB1-A5A18175E918}"
EndProject
Global
	GlobalSection(SolutionConfigurationPlatforms) = preSolution
		Debug|Any CPU = Debug|Any CPU
		Release|Any CPU = Release|Any CPU
	EndGlobalSection
	GlobalSection(ProjectConfigurationPlatforms) = postSolution
		{B6FC51E8-A9F1-4852-9FB1-A5A18175E918}.Debug|Any CPU.ActiveCfg = Debug|Any CPU
		{B6FC51E8-A9F1-4852-9FB1-A5A18175E918}.Debug|Any CPU.Build.0 = Debug|Any CPU
		{B6FC51E8-A9F1-4852-9FB1-A5A18175E918}.Release|Any CPU.ActiveCfg = Release|Any CPU
		{B6FC51E8-A9F1-4852-9FB1-A5A18175E918}.Release|Any CPU.Build.0 = Release|Any CPU
	EndGlobalSection
	GlobalSection(SolutionProperties) = preSolution
		HideSolutionNode = FALSE
	EndGlobalSection
	GlobalSection(ExtensibilityGlobals) = postSolution
		SolutionGuid = {ED271928-58A6-4649-A5F3-B1EC58C39BC6}
	EndGlobalSection
EndGlobal
